
Microsoft Visual Studio Solution File, Format Version 12.00
Project("{FAE04EC0-301F-11D3-BF4B-00C04F79EFBC}") = "ReimaginedScheduling.Lib", "src\ReimaginedScheduling.Lib\ReimaginedScheduling.Lib.csproj", "{7089C89D-6869-41FB-A69C-A2215D47510F}"
EndProject
Project("{FAE04EC0-301F-11D3-BF4B-00C04F79EFBC}") = "ReimaginedScheduling.Viewer", "src\ReimaginedScheduling.Viewer\ReimaginedScheduling.Viewer.csproj", "{B25CE023-4462-4766-9453-A19BAE01DC41}"
EndProject
Project("{FAE04EC0-301F-11D3-BF4B-00C04F79EFBC}") = "ReimaginedScheduling.Whitelist", "src\ReimaginedScheduling.Whitelist\ReimaginedScheduling.Whitelist.csproj", "{3345B0D4-4168-47AD-9B90-37DE65A48BDF}"
EndProject
Global
	GlobalSection(SolutionConfigurationPlatforms) = preSolution
		Debug|Any CPU = Debug|Any CPU
		Release|Any CPU = Release|Any CPU
	EndGlobalSection
	GlobalSection(ProjectConfigurationPlatforms) = postSolution
		{7089C89D-6869-41FB-A69C-A2215D47510F}.Debug|Any CPU.ActiveCfg = Debug|Any CPU
		{7089C89D-6869-41FB-A69C-A2215D47510F}.Debug|Any CPU.Build.0 = Debug|Any CPU
		{7089C89D-6869-41FB-A69C-A2215D47510F}.Release|Any CPU.ActiveCfg = Release|Any CPU
		{7089C89D-6869-41FB-A69C-A2215D47510F}.Release|Any CPU.Build.0 = Release|Any CPU
		{B25CE023-4462-4766-9453-A19BAE01DC41}.Debug|Any CPU.ActiveCfg = Debug|Any CPU
		{B25CE023-4462-4766-9453-A19BAE01DC41}.Debug|Any CPU.Build.0 = Debug|Any CPU
		{B25CE023-4462-4766-9453-A19BAE01DC41}.Release|Any CPU.ActiveCfg = Release|Any CPU
		{B25CE023-4462-4766-9453-A19BAE01DC41}.Release|Any CPU.Build.0 = Release|Any CPU
		{3345B0D4-4168-47AD-9B90-37DE65A48BDF}.Debug|Any CPU.ActiveCfg = Debug|Any CPU
		{3345B0D4-4168-47AD-9B90-37DE65A48BDF}.Debug|Any CPU.Build.0 = Debug|Any CPU
		{3345B0D4-4168-47AD-9B90-37DE65A48BDF}.Release|Any CPU.ActiveCfg = Release|Any CPU
		{3345B0D4-4168-47AD-9B90-37DE65A48BDF}.Release|Any CPU.Build.0 = Release|Any CPU
	EndGlobalSection
EndGlobal
